
Microsoft Visual Studio Solution File, Format Version 11.00
# Visual Studio 2010
Project("{FAE04EC0-301F-11D3-BF4B-00C04F79EFBC}") = "Assembly-CSharp", "Assembly-CSharp.csproj", "{9689905a-0564-1a20-e68b-71d4b69f3016}"
EndProject
Project("{FAE04EC0-301F-11D3-BF4B-00C04F79EFBC}") = "Assembly-CSharp-Editor", "Assembly-CSharp-Editor.csproj", "{de966fa9-8425-1eff-383d-7805fc30550b}"
EndProject
Global
	GlobalSection(SolutionConfigurationPlatforms) = preSolution
		Debug|Any CPU = Debug|Any CPU
	EndGlobalSection
	GlobalSection(ProjectConfigurationPlatforms) = postSolution
		{9689905a-0564-1a20-e68b-71d4b69f3016}.Debug|Any CPU.ActiveCfg = Debug|Any CPU
		{9689905a-0564-1a20-e68b-71d4b69f3016}.Debug|Any CPU.Build.0 = Debug|Any CPU
		{de966fa9-8425-1eff-383d-7805fc30550b}.Debug|Any CPU.ActiveCfg = Debug|Any CPU
		{de966fa9-8425-1eff-383d-7805fc30550b}.Debug|Any CPU.Build.0 = Debug|Any CPU
	EndGlobalSection
	GlobalSection(SolutionProperties) = preSolution
		HideSolutionNode = FALSE
	EndGlobalSection
EndGlobal
